{
  "name": "my-certification-site",
  "version": "1.0.0",
  "lockfileVersion": 3,
  "requires": true,
  "packages": {
    "": {
      "name": "my-certification-site",
      "version": "1.0.0",
      "dependencies": {
        "@notionhq/client": "^3.1.1",
        "@tailwindcss/typography": "^0.5.9",
        "next": "13.4.4",
        "next-i18next": "^13.2.2",
        "notion-to-md": "^2.5.5",
        "react": "18.2.0",
        "react-dom": "18.2.0",
        "react-markdown": "^8.0.7",
        "tailwindcss": "^3.3.2"
      },
      "devDependencies": {
        "@types/node": "20.2.5",
        "@types/react": "18.2.6",
        "@types/react-dom": "18.2.4",
        "autoprefixer": "^10.4.14",
        "postcss": "^8.4.23",
        "typescript": "^5.0.4"
      }
    },
    "node_modules/@notionhq/client": {
      "version": "3.1.1",
      "resolved": "https://registry.npmjs.org/@notionhq/client/-/client-3.1.1.tgz",
      "integrity": "sha512-XGjr3GZhRIAsROxIajbc+gXVhn0KeJGXUqaRWvT6YkSY6yS5X/i2KlG87J01jc4asLz6/0ocGcBta1NNwKKazQ==",
      "dependencies": {
        "@types/node-fetch": "^2.5.10",
        "node-fetch": "^2.6.1"
      },
      "engines": {
        "node": ">=18"
      }
    }
  }
} 